---
- name: Ensure psutil is installed for managing dconf
  package: name=python-psutil state=present
  when: ansible_os_family == "Debian"

- name: "Ensure caps:backspace option with dconf"
  become: yes
  become_user: "{{user}}"
  dconf:
    key: "/org/gnome/desktop/input-sources/xkb-options"
    value: "['caps:backspace']"
  tags: ['caps']
  when: "'headless' not in group_names"

# dotfiles set this option via .xprofile for non-gnome window managers

