---
- name: Ensure autostart directory exists
  file:
    state: directory
    path: /home/{{username}}/.config/autostart
    owner: "{{username}}"
    group: "users"
    mode: '0755'

- name: Set caps lock to backspace on startup
  copy:
    src: capslock_backspace.desktop
    dest: /home/{{username}}/.config/autostart/
    owner: "{{username}}"
    group: "{{username}}"
    mode: '0644'

